// !$*UTF8*$!
{
	archiveVersion = 1;
	classes = {
	};
	objectVersion = 50;
	objects = {

/* Begin PBXBuildFile section */
		02131A3327DA2D2F00DCF9F5 /* MenuItem.swift in Sources */ = {isa = PBXBuildFile; fileRef = 02131A3227DA2D2F00DCF9F5 /* MenuItem.swift */; };
		02131A3527DA35F600DCF9F5 /* CategorySectionItem.swift in Sources */ = {isa = PBXBuildFile; fileRef = 02131A3427DA35F600DCF9F5 /* CategorySectionItem.swift */; };
		02131A3727DA361600DCF9F5 /* MenuProductItem.swift in Sources */ = {isa = PBXBuildFile; fileRef = 02131A3627DA361600DCF9F5 /* MenuProductItem.swift */; };
		02131A3927DA3D7E00DCF9F5 /* MenuItemView.swift in Sources */ = {isa = PBXBuildFile; fileRef = 02131A3827DA3D7D00DCF9F5 /* MenuItemView.swift */; };
		022197952811F4F200904924 /* CafeOptionsView.swift in Sources */ = {isa = PBXBuildFile; fileRef = 022197942811F4F200904924 /* CafeOptionsView.swift */; };
		02500A2327D4F72700DA641C /* Diems.swift in Sources */ = {isa = PBXBuildFile; fileRef = 02500A2227D4F72700DA641C /* Diems.swift */; };
		02500A2627D4F9DB00DA641C /* Strings.swift in Sources */ = {isa = PBXBuildFile; fileRef = 02500A2527D4F9DB00DA641C /* Strings.swift */; };
		025298A427FA00ED0028934A /* Switcher.swift in Sources */ = {isa = PBXBuildFile; fileRef = 025298A327FA00ED0028934A /* Switcher.swift */; };
		025298A627FA314B0028934A /* ContainerView.swift in Sources */ = {isa = PBXBuildFile; fileRef = 025298A527FA314B0028934A /* ContainerView.swift */; };
		0254657227C9209700337B98 /* CityItemView.swift in Sources */ = {isa = PBXBuildFile; fileRef = 0254657127C9209700337B98 /* CityItemView.swift */; };
		0254657427C9238600337B98 /* CityItem.swift in Sources */ = {isa = PBXBuildFile; fileRef = 0254657327C9238600337B98 /* CityItem.swift */; };
		0256A04927D8886A006811FE /* CafeListView.swift in Sources */ = {isa = PBXBuildFile; fileRef = 0256A04827D8886A006811FE /* CafeListView.swift */; };
		0256A04B27D888A8006811FE /* CafeItem.swift in Sources */ = {isa = PBXBuildFile; fileRef = 0256A04A27D888A8006811FE /* CafeItem.swift */; };
		0256A04D27D8891C006811FE /* CafeItemView.swift in Sources */ = {isa = PBXBuildFile; fileRef = 0256A04C27D8891C006811FE /* CafeItemView.swift */; };
		0256A04F27D890A7006811FE /* MenuProductUI.swift in Sources */ = {isa = PBXBuildFile; fileRef = 0256A04E27D890A7006811FE /* MenuProductUI.swift */; };
		0256A05127D89117006811FE /* ProductDetailsView.swift in Sources */ = {isa = PBXBuildFile; fileRef = 0256A05027D89117006811FE /* ProductDetailsView.swift */; };
		025BD64F27FCB5E200EE2430 /* ToolbarView.swift in Sources */ = {isa = PBXBuildFile; fileRef = 025BD64E27FCB5E200EE2430 /* ToolbarView.swift */; };
		025C6A5227DC9E6500AB2F17 /* StrikeText.swift in Sources */ = {isa = PBXBuildFile; fileRef = 025B505A27DBF1C000C71EA6 /* StrikeText.swift */; };
		025C6A5427DC9F4700AB2F17 /* LargeHeaderText.swift in Sources */ = {isa = PBXBuildFile; fileRef = 025C6A5327DC9F4700AB2F17 /* LargeHeaderText.swift */; };
		025C6A5727DCA4D700AB2F17 /* NavigationCardView.swift in Sources */ = {isa = PBXBuildFile; fileRef = 025C6A5627DCA4D700AB2F17 /* NavigationCardView.swift */; };
		025C6A5927DCA59A00AB2F17 /* ProfileView.swift in Sources */ = {isa = PBXBuildFile; fileRef = 025C6A5827DCA59A00AB2F17 /* ProfileView.swift */; };
		025C6A5C27DCD32D00AB2F17 /* FeedbackView.swift in Sources */ = {isa = PBXBuildFile; fileRef = 025C6A5B27DCD32D00AB2F17 /* FeedbackView.swift */; };
		025C6A5E27DCD35000AB2F17 /* AboutAppView.swift in Sources */ = {isa = PBXBuildFile; fileRef = 025C6A5D27DCD35000AB2F17 /* AboutAppView.swift */; };
		025DC25D27E755B600521335 /* UpdateView.swift in Sources */ = {isa = PBXBuildFile; fileRef = 025DC25C27E755B600521335 /* UpdateView.swift */; };
		0262AEA927EF76C400456C6E /* ConsumerCartUI.swift in Sources */ = {isa = PBXBuildFile; fileRef = 0262AEA827EF76C400456C6E /* ConsumerCartUI.swift */; };
		0262AEAB27EF778600456C6E /* CartProductItem.swift in Sources */ = {isa = PBXBuildFile; fileRef = 0262AEAA27EF778600456C6E /* CartProductItem.swift */; };
		0262AEAD27EF7E7000456C6E /* DefaultImage.swift in Sources */ = {isa = PBXBuildFile; fileRef = 0262AEAC27EF7E7000456C6E /* DefaultImage.swift */; };
		0262AEAF27EF835C00456C6E /* CartProductView.swift in Sources */ = {isa = PBXBuildFile; fileRef = 0262AEAE27EF835C00456C6E /* CartProductView.swift */; };
		0262AEB127EF86BC00456C6E /* CountPicker.swift in Sources */ = {isa = PBXBuildFile; fileRef = 0262AEB027EF86BC00456C6E /* CountPicker.swift */; };
		02681E4C27DF89AD00D03834 /* UserAddressListView.swift in Sources */ = {isa = PBXBuildFile; fileRef = 02681E4B27DF89AD00D03834 /* UserAddressListView.swift */; };
		02681E4E27DF89EB00D03834 /* AddressItemView.swift in Sources */ = {isa = PBXBuildFile; fileRef = 02681E4D27DF89EB00D03834 /* AddressItemView.swift */; };
		02681E5027DF89FD00D03834 /* AddressItem.swift in Sources */ = {isa = PBXBuildFile; fileRef = 02681E4F27DF89FD00D03834 /* AddressItem.swift */; };
		02681E5427DF8B5400D03834 /* ElementCard.swift in Sources */ = {isa = PBXBuildFile; fileRef = 02681E5327DF8B5400D03834 /* ElementCard.swift */; };
		02681E5627DFAA0100D03834 /* OrderListView.swift in Sources */ = {isa = PBXBuildFile; fileRef = 02681E5527DFAA0100D03834 /* OrderListView.swift */; };
		026A62E227F0A4E00019C3D4 /* CreateOrderView.swift in Sources */ = {isa = PBXBuildFile; fileRef = 026A62E127F0A4E00019C3D4 /* CreateOrderView.swift */; };
		026A62E427F0AEE50019C3D4 /* BoldText.swift in Sources */ = {isa = PBXBuildFile; fileRef = 026A62E327F0AEE50019C3D4 /* BoldText.swift */; };
		026A62E827F0C1B40019C3D4 /* OrderCreationUI.swift in Sources */ = {isa = PBXBuildFile; fileRef = 026A62E727F0C1B40019C3D4 /* OrderCreationUI.swift */; };
		026C143E2806033F00AD13A5 /* CategoryItemView.swift in Sources */ = {isa = PBXBuildFile; fileRef = 026C143D2806033F00AD13A5 /* CategoryItemView.swift */; };
		026C14412806040100AD13A5 /* CategoryItemModel.swift in Sources */ = {isa = PBXBuildFile; fileRef = 026C14402806040100AD13A5 /* CategoryItemModel.swift */; };
		026C14432806075A00AD13A5 /* MenuUI.swift in Sources */ = {isa = PBXBuildFile; fileRef = 026C14422806075A00AD13A5 /* MenuUI.swift */; };
		026C536F27DD35F900CE3EF2 /* OrderItemView.swift in Sources */ = {isa = PBXBuildFile; fileRef = 026C536E27DD35F900CE3EF2 /* OrderItemView.swift */; };
		026C537327DD36F000CE3EF2 /* OrderItem.swift in Sources */ = {isa = PBXBuildFile; fileRef = 026C537227DD36F000CE3EF2 /* OrderItem.swift */; };
		026C537527DD3D3700CE3EF2 /* ProfileUI.swift in Sources */ = {isa = PBXBuildFile; fileRef = 026C537427DD3D3700CE3EF2 /* ProfileUI.swift */; };
		026C90BE280C19120012D3CA /* ActionCardView.swift in Sources */ = {isa = PBXBuildFile; fileRef = 026C90BD280C19120012D3CA /* ActionCardView.swift */; };
		026E627727E60DDD00353E69 /* LoginView.swift in Sources */ = {isa = PBXBuildFile; fileRef = 026E627627E60DDD00353E69 /* LoginView.swift */; };
		026E627B27E60E0200353E69 /* ConfirmView.swift in Sources */ = {isa = PBXBuildFile; fileRef = 026E627A27E60E0200353E69 /* ConfirmView.swift */; };
		02727A1C27E1178E00C212E4 /* TextCard.swift in Sources */ = {isa = PBXBuildFile; fileRef = 02727A1B27E1178E00C212E4 /* TextCard.swift */; };
		02727A1E27E1185500C212E4 /* PlaceholderText.swift in Sources */ = {isa = PBXBuildFile; fileRef = 02727A1D27E1185500C212E4 /* PlaceholderText.swift */; };
		02727A2127E11AAC00C212E4 /* SettingsView.swift in Sources */ = {isa = PBXBuildFile; fileRef = 02727A2027E11AAC00C212E4 /* SettingsView.swift */; };
		02727A2327E11C1F00C212E4 /* SettingsUI.swift in Sources */ = {isa = PBXBuildFile; fileRef = 02727A2227E11C1F00C212E4 /* SettingsUI.swift */; };
		02727A2527E11F6E00C212E4 /* NavigationTextCard.swift in Sources */ = {isa = PBXBuildFile; fileRef = 02727A2427E11F6E00C212E4 /* NavigationTextCard.swift */; };
		02727A2827E123D000C212E4 /* ChangeCityView.swift in Sources */ = {isa = PBXBuildFile; fileRef = 02727A2727E123D000C212E4 /* ChangeCityView.swift */; };
		0278063827E200AF00F7AC86 /* OrderDetailsView.swift in Sources */ = {isa = PBXBuildFile; fileRef = 0278063727E200AF00F7AC86 /* OrderDetailsView.swift */; };
		0278063B27E2035600F7AC86 /* CreateAddressView.swift in Sources */ = {isa = PBXBuildFile; fileRef = 0278063A27E2035600F7AC86 /* CreateAddressView.swift */; };
		027FA4E42814133D00BD2B1D /* ChangeCityItem.swift in Sources */ = {isa = PBXBuildFile; fileRef = 027FA4E32814133D00BD2B1D /* ChangeCityItem.swift */; };
		027FA4E6281413BD00BD2B1D /* ChangeCityItemView.swift in Sources */ = {isa = PBXBuildFile; fileRef = 027FA4E5281413BD00BD2B1D /* ChangeCityItemView.swift */; };
		027FA4E82814140700BD2B1D /* SelectableElementCard.swift in Sources */ = {isa = PBXBuildFile; fileRef = 027FA4E72814140700BD2B1D /* SelectableElementCard.swift */; };
		0283C82827EC7F9B00AAF687 /* CodeView.swift in Sources */ = {isa = PBXBuildFile; fileRef = 0283C82727EC7F9B00AAF687 /* CodeView.swift */; };
		0283C82A27ECA4AC00AAF687 /* ConsumerCartView.swift in Sources */ = {isa = PBXBuildFile; fileRef = 0283C82927ECA4AC00AAF687 /* ConsumerCartView.swift */; };
		0287396627AC40D80020A919 /* PapaKarloSwiftApp.swift in Sources */ = {isa = PBXBuildFile; fileRef = 0287396527AC40D80020A919 /* PapaKarloSwiftApp.swift */; };
		0287396827AC40D80020A919 /* SplashScreen.swift in Sources */ = {isa = PBXBuildFile; fileRef = 0287396727AC40D80020A919 /* SplashScreen.swift */; };
		0287396A27AC40DB0020A919 /* Assets.xcassets in Resources */ = {isa = PBXBuildFile; fileRef = 0287396927AC40DB0020A919 /* Assets.xcassets */; };
		0287396D27AC40DB0020A919 /* Preview Assets.xcassets in Resources */ = {isa = PBXBuildFile; fileRef = 0287396C27AC40DB0020A919 /* Preview Assets.xcassets */; };
		02BEF69B27E74ADD00F18540 /* SmsTextField.swift in Sources */ = {isa = PBXBuildFile; fileRef = 02BEF69A27E74ADD00F18540 /* SmsTextField.swift */; };
		02E0FF8F27C6A22E00BABD2B /* SelectCityView.swift in Sources */ = {isa = PBXBuildFile; fileRef = 02E0FF8E27C6A22E00BABD2B /* SelectCityView.swift */; };
		02E0FF9327C6A27D00BABD2B /* MenuView.swift in Sources */ = {isa = PBXBuildFile; fileRef = 02E0FF9227C6A27D00BABD2B /* MenuView.swift */; };
		02FADA792804313C00264146 /* EditTextView.swift in Sources */ = {isa = PBXBuildFile; fileRef = 02FADA782804313C00264146 /* EditTextView.swift */; };
/* End PBXBuildFile section */

/* Begin PBXFileReference section */
		02131A3227DA2D2F00DCF9F5 /* MenuItem.swift */ = {isa = PBXFileReference; lastKnownFileType = sourcecode.swift; path = MenuItem.swift; sourceTree = "<group>"; };
		02131A3427DA35F600DCF9F5 /* CategorySectionItem.swift */ = {isa = PBXFileReference; lastKnownFileType = sourcecode.swift; path = CategorySectionItem.swift; sourceTree = "<group>"; };
		02131A3627DA361600DCF9F5 /* MenuProductItem.swift */ = {isa = PBXFileReference; lastKnownFileType = sourcecode.swift; path = MenuProductItem.swift; sourceTree = "<group>"; };
		02131A3827DA3D7D00DCF9F5 /* MenuItemView.swift */ = {isa = PBXFileReference; lastKnownFileType = sourcecode.swift; path = MenuItemView.swift; sourceTree = "<group>"; };
		022197942811F4F200904924 /* CafeOptionsView.swift */ = {isa = PBXFileReference; lastKnownFileType = sourcecode.swift; path = CafeOptionsView.swift; sourceTree = "<group>"; };
		02500A2227D4F72700DA641C /* Diems.swift */ = {isa = PBXFileReference; lastKnownFileType = sourcecode.swift; path = Diems.swift; sourceTree = "<group>"; };
		02500A2527D4F9DB00DA641C /* Strings.swift */ = {isa = PBXFileReference; lastKnownFileType = sourcecode.swift; path = Strings.swift; sourceTree = "<group>"; };
		025298A327FA00ED0028934A /* Switcher.swift */ = {isa = PBXFileReference; lastKnownFileType = sourcecode.swift; path = Switcher.swift; sourceTree = "<group>"; };
		025298A527FA314B0028934A /* ContainerView.swift */ = {isa = PBXFileReference; lastKnownFileType = sourcecode.swift; path = ContainerView.swift; sourceTree = "<group>"; };
		0254657127C9209700337B98 /* CityItemView.swift */ = {isa = PBXFileReference; lastKnownFileType = sourcecode.swift; path = CityItemView.swift; sourceTree = "<group>"; };
		0254657327C9238600337B98 /* CityItem.swift */ = {isa = PBXFileReference; lastKnownFileType = sourcecode.swift; path = CityItem.swift; sourceTree = "<group>"; };
		0256A04827D8886A006811FE /* CafeListView.swift */ = {isa = PBXFileReference; lastKnownFileType = sourcecode.swift; path = CafeListView.swift; sourceTree = "<group>"; };
		0256A04A27D888A8006811FE /* CafeItem.swift */ = {isa = PBXFileReference; lastKnownFileType = sourcecode.swift; path = CafeItem.swift; sourceTree = "<group>"; };
		0256A04C27D8891C006811FE /* CafeItemView.swift */ = {isa = PBXFileReference; lastKnownFileType = sourcecode.swift; path = CafeItemView.swift; sourceTree = "<group>"; };
		0256A04E27D890A7006811FE /* MenuProductUI.swift */ = {isa = PBXFileReference; lastKnownFileType = sourcecode.swift; path = MenuProductUI.swift; sourceTree = "<group>"; };
		0256A05027D89117006811FE /* ProductDetailsView.swift */ = {isa = PBXFileReference; lastKnownFileType = sourcecode.swift; path = ProductDetailsView.swift; sourceTree = "<group>"; };
		025B505A27DBF1C000C71EA6 /* StrikeText.swift */ = {isa = PBXFileReference; lastKnownFileType = sourcecode.swift; path = StrikeText.swift; sourceTree = "<group>"; };
		025BD64E27FCB5E200EE2430 /* ToolbarView.swift */ = {isa = PBXFileReference; lastKnownFileType = sourcecode.swift; path = ToolbarView.swift; sourceTree = "<group>"; };
		025C6A5327DC9F4700AB2F17 /* LargeHeaderText.swift */ = {isa = PBXFileReference; lastKnownFileType = sourcecode.swift; path = LargeHeaderText.swift; sourceTree = "<group>"; };
		025C6A5627DCA4D700AB2F17 /* NavigationCardView.swift */ = {isa = PBXFileReference; lastKnownFileType = sourcecode.swift; path = NavigationCardView.swift; sourceTree = "<group>"; };
		025C6A5827DCA59A00AB2F17 /* ProfileView.swift */ = {isa = PBXFileReference; lastKnownFileType = sourcecode.swift; path = ProfileView.swift; sourceTree = "<group>"; };
		025C6A5B27DCD32D00AB2F17 /* FeedbackView.swift */ = {isa = PBXFileReference; lastKnownFileType = sourcecode.swift; path = FeedbackView.swift; sourceTree = "<group>"; };
		025C6A5D27DCD35000AB2F17 /* AboutAppView.swift */ = {isa = PBXFileReference; lastKnownFileType = sourcecode.swift; path = AboutAppView.swift; sourceTree = "<group>"; };
		025DC25C27E755B600521335 /* UpdateView.swift */ = {isa = PBXFileReference; fileEncoding = 4; lastKnownFileType = sourcecode.swift; path = UpdateView.swift; sourceTree = "<group>"; };
		0262AEA827EF76C400456C6E /* ConsumerCartUI.swift */ = {isa = PBXFileReference; lastKnownFileType = sourcecode.swift; path = ConsumerCartUI.swift; sourceTree = "<group>"; };
		0262AEAA27EF778600456C6E /* CartProductItem.swift */ = {isa = PBXFileReference; lastKnownFileType = sourcecode.swift; path = CartProductItem.swift; sourceTree = "<group>"; };
		0262AEAC27EF7E7000456C6E /* DefaultImage.swift */ = {isa = PBXFileReference; lastKnownFileType = sourcecode.swift; path = DefaultImage.swift; sourceTree = "<group>"; };
		0262AEAE27EF835C00456C6E /* CartProductView.swift */ = {isa = PBXFileReference; lastKnownFileType = sourcecode.swift; path = CartProductView.swift; sourceTree = "<group>"; };
		0262AEB027EF86BC00456C6E /* CountPicker.swift */ = {isa = PBXFileReference; lastKnownFileType = sourcecode.swift; path = CountPicker.swift; sourceTree = "<group>"; };
		02681E4B27DF89AD00D03834 /* UserAddressListView.swift */ = {isa = PBXFileReference; lastKnownFileType = sourcecode.swift; path = UserAddressListView.swift; sourceTree = "<group>"; };
		02681E4D27DF89EB00D03834 /* AddressItemView.swift */ = {isa = PBXFileReference; lastKnownFileType = sourcecode.swift; path = AddressItemView.swift; sourceTree = "<group>"; };
		02681E4F27DF89FD00D03834 /* AddressItem.swift */ = {isa = PBXFileReference; lastKnownFileType = sourcecode.swift; path = AddressItem.swift; sourceTree = "<group>"; };
		02681E5327DF8B5400D03834 /* ElementCard.swift */ = {isa = PBXFileReference; lastKnownFileType = sourcecode.swift; path = ElementCard.swift; sourceTree = "<group>"; };
		02681E5527DFAA0100D03834 /* OrderListView.swift */ = {isa = PBXFileReference; lastKnownFileType = sourcecode.swift; path = OrderListView.swift; sourceTree = "<group>"; };
		026A62E127F0A4E00019C3D4 /* CreateOrderView.swift */ = {isa = PBXFileReference; lastKnownFileType = sourcecode.swift; path = CreateOrderView.swift; sourceTree = "<group>"; };
		026A62E327F0AEE50019C3D4 /* BoldText.swift */ = {isa = PBXFileReference; lastKnownFileType = sourcecode.swift; path = BoldText.swift; sourceTree = "<group>"; };
		026A62E727F0C1B40019C3D4 /* OrderCreationUI.swift */ = {isa = PBXFileReference; lastKnownFileType = sourcecode.swift; path = OrderCreationUI.swift; sourceTree = "<group>"; };
		026C143D2806033F00AD13A5 /* CategoryItemView.swift */ = {isa = PBXFileReference; lastKnownFileType = sourcecode.swift; path = CategoryItemView.swift; sourceTree = "<group>"; };
		026C14402806040100AD13A5 /* CategoryItemModel.swift */ = {isa = PBXFileReference; lastKnownFileType = sourcecode.swift; path = CategoryItemModel.swift; sourceTree = "<group>"; };
		026C14422806075A00AD13A5 /* MenuUI.swift */ = {isa = PBXFileReference; lastKnownFileType = sourcecode.swift; path = MenuUI.swift; sourceTree = "<group>"; };
		026C536E27DD35F900CE3EF2 /* OrderItemView.swift */ = {isa = PBXFileReference; lastKnownFileType = sourcecode.swift; path = OrderItemView.swift; sourceTree = "<group>"; };
		026C537227DD36F000CE3EF2 /* OrderItem.swift */ = {isa = PBXFileReference; lastKnownFileType = sourcecode.swift; path = OrderItem.swift; sourceTree = "<group>"; };
		026C537427DD3D3700CE3EF2 /* ProfileUI.swift */ = {isa = PBXFileReference; lastKnownFileType = sourcecode.swift; path = ProfileUI.swift; sourceTree = "<group>"; };
		026C90BD280C19120012D3CA /* ActionCardView.swift */ = {isa = PBXFileReference; lastKnownFileType = sourcecode.swift; path = ActionCardView.swift; sourceTree = "<group>"; };
		026E627627E60DDD00353E69 /* LoginView.swift */ = {isa = PBXFileReference; lastKnownFileType = sourcecode.swift; path = LoginView.swift; sourceTree = "<group>"; };
		026E627A27E60E0200353E69 /* ConfirmView.swift */ = {isa = PBXFileReference; lastKnownFileType = sourcecode.swift; path = ConfirmView.swift; sourceTree = "<group>"; };
		02727A1B27E1178E00C212E4 /* TextCard.swift */ = {isa = PBXFileReference; lastKnownFileType = sourcecode.swift; path = TextCard.swift; sourceTree = "<group>"; };
		02727A1D27E1185500C212E4 /* PlaceholderText.swift */ = {isa = PBXFileReference; lastKnownFileType = sourcecode.swift; path = PlaceholderText.swift; sourceTree = "<group>"; };
		02727A2027E11AAC00C212E4 /* SettingsView.swift */ = {isa = PBXFileReference; lastKnownFileType = sourcecode.swift; path = SettingsView.swift; sourceTree = "<group>"; };
		02727A2227E11C1F00C212E4 /* SettingsUI.swift */ = {isa = PBXFileReference; lastKnownFileType = sourcecode.swift; path = SettingsUI.swift; sourceTree = "<group>"; };
		02727A2427E11F6E00C212E4 /* NavigationTextCard.swift */ = {isa = PBXFileReference; lastKnownFileType = sourcecode.swift; path = NavigationTextCard.swift; sourceTree = "<group>"; };
		02727A2727E123D000C212E4 /* ChangeCityView.swift */ = {isa = PBXFileReference; lastKnownFileType = sourcecode.swift; path = ChangeCityView.swift; sourceTree = "<group>"; };
		0278063727E200AF00F7AC86 /* OrderDetailsView.swift */ = {isa = PBXFileReference; lastKnownFileType = sourcecode.swift; path = OrderDetailsView.swift; sourceTree = "<group>"; };
		0278063A27E2035600F7AC86 /* CreateAddressView.swift */ = {isa = PBXFileReference; lastKnownFileType = sourcecode.swift; path = CreateAddressView.swift; sourceTree = "<group>"; };
		027FA4E32814133D00BD2B1D /* ChangeCityItem.swift */ = {isa = PBXFileReference; lastKnownFileType = sourcecode.swift; path = ChangeCityItem.swift; sourceTree = "<group>"; };
		027FA4E5281413BD00BD2B1D /* ChangeCityItemView.swift */ = {isa = PBXFileReference; lastKnownFileType = sourcecode.swift; path = ChangeCityItemView.swift; sourceTree = "<group>"; };
		027FA4E72814140700BD2B1D /* SelectableElementCard.swift */ = {isa = PBXFileReference; lastKnownFileType = sourcecode.swift; path = SelectableElementCard.swift; sourceTree = "<group>"; };
		0283C82727EC7F9B00AAF687 /* CodeView.swift */ = {isa = PBXFileReference; lastKnownFileType = sourcecode.swift; path = CodeView.swift; sourceTree = "<group>"; };
		0283C82927ECA4AC00AAF687 /* ConsumerCartView.swift */ = {isa = PBXFileReference; lastKnownFileType = sourcecode.swift; path = ConsumerCartView.swift; sourceTree = "<group>"; };
		0287396227AC40D80020A919 /* PapaKarloSwift.app */ = {isa = PBXFileReference; explicitFileType = wrapper.application; includeInIndex = 0; path = PapaKarloSwift.app; sourceTree = BUILT_PRODUCTS_DIR; };
		0287396527AC40D80020A919 /* PapaKarloSwiftApp.swift */ = {isa = PBXFileReference; lastKnownFileType = sourcecode.swift; path = PapaKarloSwiftApp.swift; sourceTree = "<group>"; };
		0287396727AC40D80020A919 /* SplashScreen.swift */ = {isa = PBXFileReference; lastKnownFileType = sourcecode.swift; path = SplashScreen.swift; sourceTree = "<group>"; };
		0287396927AC40DB0020A919 /* Assets.xcassets */ = {isa = PBXFileReference; lastKnownFileType = folder.assetcatalog; path = Assets.xcassets; sourceTree = "<group>"; };
		0287396C27AC40DB0020A919 /* Preview Assets.xcassets */ = {isa = PBXFileReference; lastKnownFileType = folder.assetcatalog; name = "Preview Assets.xcassets"; path = "Preview Content/Preview Assets.xcassets"; sourceTree = "<group>"; };
		0287396E27AC40DB0020A919 /* Info.plist */ = {isa = PBXFileReference; lastKnownFileType = text.plist.xml; path = Info.plist; sourceTree = "<group>"; };
		02BEF69A27E74ADD00F18540 /* SmsTextField.swift */ = {isa = PBXFileReference; lastKnownFileType = sourcecode.swift; path = SmsTextField.swift; sourceTree = "<group>"; };
		02E0FF8E27C6A22E00BABD2B /* SelectCityView.swift */ = {isa = PBXFileReference; lastKnownFileType = sourcecode.swift; path = SelectCityView.swift; sourceTree = "<group>"; };
		02E0FF9227C6A27D00BABD2B /* MenuView.swift */ = {isa = PBXFileReference; lastKnownFileType = sourcecode.swift; path = MenuView.swift; sourceTree = "<group>"; };
		02FADA782804313C00264146 /* EditTextView.swift */ = {isa = PBXFileReference; lastKnownFileType = sourcecode.swift; path = EditTextView.swift; sourceTree = "<group>"; };
/* End PBXFileReference section */

/* Begin PBXFrameworksBuildPhase section */
		0287395F27AC40D80020A919 /* Frameworks */ = {
			isa = PBXFrameworksBuildPhase;
			buildActionMask = 2147483647;
			files = (
			);
			runOnlyForDeploymentPostprocessing = 0;
		};
/* End PBXFrameworksBuildPhase section */

/* Begin PBXGroup section */
		02500A2427D4F9B800DA641C /* resourse */ = {
			isa = PBXGroup;
			children = (
				02500A2227D4F72700DA641C /* Diems.swift */,
				02500A2527D4F9DB00DA641C /* Strings.swift */,
			);
			path = resourse;
			sourceTree = "<group>";
		};
		0254656327C918BB00337B98 /* consumer_cart */ = {
			isa = PBXGroup;
			children = (
				0283C82927ECA4AC00AAF687 /* ConsumerCartView.swift */,
				0262AEA827EF76C400456C6E /* ConsumerCartUI.swift */,
				0262AEAA27EF778600456C6E /* CartProductItem.swift */,
				0262AEAE27EF835C00456C6E /* CartProductView.swift */,
			);
			path = consumer_cart;
			sourceTree = "<group>";
		};
		0254656427C918CE00337B98 /* address */ = {
			isa = PBXGroup;
			children = (
				0278063927E2033100F7AC86 /* create_address */,
				02681E4A27DF897F00D03834 /* user_address_list */,
			);
			path = address;
			sourceTree = "<group>";
		};
		0254656727C919A000337B98 /* create_order */ = {
			isa = PBXGroup;
			children = (
				026A62E127F0A4E00019C3D4 /* CreateOrderView.swift */,
				026A62E727F0C1B40019C3D4 /* OrderCreationUI.swift */,
			);
			path = create_order;
			sourceTree = "<group>";
		};
		0254656827C919B100337B98 /* edit_text */ = {
			isa = PBXGroup;
			children = (
			);
			path = edit_text;
			sourceTree = "<group>";
		};
		0254656927C919C800337B98 /* main */ = {
			isa = PBXGroup;
			children = (
			);
			path = main;
			sourceTree = "<group>";
		};
		0254656B27C919DC00337B98 /* profile */ = {
			isa = PBXGroup;
			children = (
				02727A1F27E11A9400C212E4 /* settings */,
				026C537027DD36D200CE3EF2 /* order */,
				025C6A5827DCA59A00AB2F17 /* ProfileView.swift */,
				025C6A5B27DCD32D00AB2F17 /* FeedbackView.swift */,
				025C6A5D27DCD35000AB2F17 /* AboutAppView.swift */,
				026C537427DD3D3700CE3EF2 /* ProfileUI.swift */,
			);
			path = profile;
			sourceTree = "<group>";
		};
		0254656C27C919E900337B98 /* splash */ = {
			isa = PBXGroup;
			children = (
			);
			path = splash;
			sourceTree = "<group>";
		};
		0254656D27C919F100337B98 /* update */ = {
			isa = PBXGroup;
			children = (
				025DC25C27E755B600521335 /* UpdateView.swift */,
			);
			path = update;
			sourceTree = "<group>";
		};
		0254656E27C91A1C00337B98 /* product_details */ = {
			isa = PBXGroup;
			children = (
				0256A04E27D890A7006811FE /* MenuProductUI.swift */,
				0256A05027D89117006811FE /* ProductDetailsView.swift */,
			);
			path = product_details;
			sourceTree = "<group>";
		};
		025B505927DBF1B700C71EA6 /* custom_view */ = {
			isa = PBXGroup;
			children = (
				025C6A5A27DCA5B000AB2F17 /* text */,
				025C6A5527DCA4BD00AB2F17 /* card */,
				0262AEAC27EF7E7000456C6E /* DefaultImage.swift */,
				0262AEB027EF86BC00456C6E /* CountPicker.swift */,
				025BD64E27FCB5E200EE2430 /* ToolbarView.swift */,
				02FADA782804313C00264146 /* EditTextView.swift */,
			);
			path = custom_view;
			sourceTree = "<group>";
		};
		025C6A5527DCA4BD00AB2F17 /* card */ = {
			isa = PBXGroup;
			children = (
				02681E5327DF8B5400D03834 /* ElementCard.swift */,
				025C6A5627DCA4D700AB2F17 /* NavigationCardView.swift */,
				02727A1B27E1178E00C212E4 /* TextCard.swift */,
				02727A2427E11F6E00C212E4 /* NavigationTextCard.swift */,
				02BEF69A27E74ADD00F18540 /* SmsTextField.swift */,
				0283C82727EC7F9B00AAF687 /* CodeView.swift */,
				025298A327FA00ED0028934A /* Switcher.swift */,
				026C143D2806033F00AD13A5 /* CategoryItemView.swift */,
				026C90BD280C19120012D3CA /* ActionCardView.swift */,
				027FA4E72814140700BD2B1D /* SelectableElementCard.swift */,
			);
			path = card;
			sourceTree = "<group>";
		};
		025C6A5A27DCA5B000AB2F17 /* text */ = {
			isa = PBXGroup;
			children = (
				025B505A27DBF1C000C71EA6 /* StrikeText.swift */,
				025C6A5327DC9F4700AB2F17 /* LargeHeaderText.swift */,
				02727A1D27E1185500C212E4 /* PlaceholderText.swift */,
				026A62E327F0AEE50019C3D4 /* BoldText.swift */,
			);
			path = text;
			sourceTree = "<group>";
		};
		02681E4A27DF897F00D03834 /* user_address_list */ = {
			isa = PBXGroup;
			children = (
				02681E4B27DF89AD00D03834 /* UserAddressListView.swift */,
				02681E4D27DF89EB00D03834 /* AddressItemView.swift */,
				02681E4F27DF89FD00D03834 /* AddressItem.swift */,
			);
			path = user_address_list;
			sourceTree = "<group>";
		};
		026C143F280603E100AD13A5 /* view_state */ = {
			isa = PBXGroup;
			children = (
				026C14402806040100AD13A5 /* CategoryItemModel.swift */,
				026C14422806075A00AD13A5 /* MenuUI.swift */,
			);
			path = view_state;
			sourceTree = "<group>";
		};
		026C537027DD36D200CE3EF2 /* order */ = {
			isa = PBXGroup;
			children = (
				0278063627E2008700F7AC86 /* order_details */,
				026C537127DD36DF00CE3EF2 /* order_list */,
			);
			path = order;
			sourceTree = "<group>";
		};
		026C537127DD36DF00CE3EF2 /* order_list */ = {
			isa = PBXGroup;
			children = (
				026C536E27DD35F900CE3EF2 /* OrderItemView.swift */,
				026C537227DD36F000CE3EF2 /* OrderItem.swift */,
				02681E5527DFAA0100D03834 /* OrderListView.swift */,
			);
			path = order_list;
			sourceTree = "<group>";
		};
		026E627527E60DCE00353E69 /* auth */ = {
			isa = PBXGroup;
			children = (
				026E627927E60DF700353E69 /* confirm */,
				026E627827E60DEA00353E69 /* login */,
			);
			path = auth;
			sourceTree = "<group>";
		};
		026E627827E60DEA00353E69 /* login */ = {
			isa = PBXGroup;
			children = (
				026E627627E60DDD00353E69 /* LoginView.swift */,
			);
			path = login;
			sourceTree = "<group>";
		};
		026E627927E60DF700353E69 /* confirm */ = {
			isa = PBXGroup;
			children = (
				026E627A27E60E0200353E69 /* ConfirmView.swift */,
			);
			path = confirm;
			sourceTree = "<group>";
		};
		02727A1F27E11A9400C212E4 /* settings */ = {
			isa = PBXGroup;
			children = (
				02727A2627E123C000C212E4 /* change_city */,
				02727A2027E11AAC00C212E4 /* SettingsView.swift */,
				02727A2227E11C1F00C212E4 /* SettingsUI.swift */,
			);
			path = settings;
			sourceTree = "<group>";
		};
		02727A2627E123C000C212E4 /* change_city */ = {
			isa = PBXGroup;
			children = (
				02727A2727E123D000C212E4 /* ChangeCityView.swift */,
				027FA4E32814133D00BD2B1D /* ChangeCityItem.swift */,
				027FA4E5281413BD00BD2B1D /* ChangeCityItemView.swift */,
			);
			path = change_city;
			sourceTree = "<group>";
		};
		0278063627E2008700F7AC86 /* order_details */ = {
			isa = PBXGroup;
			children = (
				0278063727E200AF00F7AC86 /* OrderDetailsView.swift */,
			);
			path = order_details;
			sourceTree = "<group>";
		};
		0278063927E2033100F7AC86 /* create_address */ = {
			isa = PBXGroup;
			children = (
				0278063A27E2035600F7AC86 /* CreateAddressView.swift */,
			);
			path = create_address;
			sourceTree = "<group>";
		};
		0287395927AC40D80020A919 = {
			isa = PBXGroup;
			children = (
				0287396427AC40D80020A919 /* PapaKarloSwift */,
				0287396327AC40D80020A919 /* Products */,
			);
			sourceTree = "<group>";
		};
		0287396327AC40D80020A919 /* Products */ = {
			isa = PBXGroup;
			children = (
				0287396227AC40D80020A919 /* PapaKarloSwift.app */,
			);
			name = Products;
			sourceTree = "<group>";
		};
		0287396427AC40D80020A919 /* PapaKarloSwift */ = {
			isa = PBXGroup;
			children = (
				025B505927DBF1B700C71EA6 /* custom_view */,
				02500A2427D4F9B800DA641C /* resourse */,
				02E0FF8D27C6A20600BABD2B /* feature */,
				0287396C27AC40DB0020A919 /* Preview Assets.xcassets */,
				0287396527AC40D80020A919 /* PapaKarloSwiftApp.swift */,
				0287396727AC40D80020A919 /* SplashScreen.swift */,
				0287396927AC40DB0020A919 /* Assets.xcassets */,
				0287396E27AC40DB0020A919 /* Info.plist */,
			);
			path = PapaKarloSwift;
			sourceTree = "<group>";
		};
		02E0FF8D27C6A20600BABD2B /* feature */ = {
			isa = PBXGroup;
			children = (
				026E627527E60DCE00353E69 /* auth */,
				0254656427C918CE00337B98 /* address */,
				02E0FF9427C6A29A00BABD2B /* cafe */,
				0254656327C918BB00337B98 /* consumer_cart */,
				0254656727C919A000337B98 /* create_order */,
				0254656827C919B100337B98 /* edit_text */,
				0254656927C919C800337B98 /* main */,
				02E0FF9127C6A26400BABD2B /* menu */,
				0254656E27C91A1C00337B98 /* product_details */,
				0254656B27C919DC00337B98 /* profile */,
				02E0FF9027C6A23700BABD2B /* select_city */,
				0254656C27C919E900337B98 /* splash */,
				0254656D27C919F100337B98 /* update */,
				025298A527FA314B0028934A /* ContainerView.swift */,
			);
			path = feature;
			sourceTree = "<group>";
		};
		02E0FF9027C6A23700BABD2B /* select_city */ = {
			isa = PBXGroup;
			children = (
				02E0FF8E27C6A22E00BABD2B /* SelectCityView.swift */,
				0254657127C9209700337B98 /* CityItemView.swift */,
				0254657327C9238600337B98 /* CityItem.swift */,
			);
			path = select_city;
			sourceTree = "<group>";
		};
		02E0FF9127C6A26400BABD2B /* menu */ = {
			isa = PBXGroup;
			children = (
				026C143F280603E100AD13A5 /* view_state */,
				02E0FF9227C6A27D00BABD2B /* MenuView.swift */,
				02131A3227DA2D2F00DCF9F5 /* MenuItem.swift */,
				02131A3427DA35F600DCF9F5 /* CategorySectionItem.swift */,
				02131A3627DA361600DCF9F5 /* MenuProductItem.swift */,
				02131A3827DA3D7D00DCF9F5 /* MenuItemView.swift */,
			);
			path = menu;
			sourceTree = "<group>";
		};
		02E0FF9427C6A29A00BABD2B /* cafe */ = {
			isa = PBXGroup;
			children = (
				02E0FF9527C6A2A800BABD2B /* cafe_list */,
				02E0FF9627C6A2B100BABD2B /* cafe_options */,
			);
			path = cafe;
			sourceTree = "<group>";
		};
		02E0FF9527C6A2A800BABD2B /* cafe_list */ = {
			isa = PBXGroup;
			children = (
				0256A04827D8886A006811FE /* CafeListView.swift */,
				0256A04A27D888A8006811FE /* CafeItem.swift */,
				0256A04C27D8891C006811FE /* CafeItemView.swift */,
			);
			path = cafe_list;
			sourceTree = "<group>";
		};
		02E0FF9627C6A2B100BABD2B /* cafe_options */ = {
			isa = PBXGroup;
			children = (
				022197942811F4F200904924 /* CafeOptionsView.swift */,
			);
			path = cafe_options;
			sourceTree = "<group>";
		};
/* End PBXGroup section */

/* Begin PBXNativeTarget section */
		0287396127AC40D80020A919 /* PapaKarloSwift */ = {
			isa = PBXNativeTarget;
			buildConfigurationList = 0287397127AC40DB0020A919 /* Build configuration list for PBXNativeTarget "PapaKarloSwift" */;
			buildPhases = (
				0287397427AC42CF0020A919 /* Run Script */,
				0287395E27AC40D80020A919 /* Sources */,
				0287395F27AC40D80020A919 /* Frameworks */,
				0287396027AC40D80020A919 /* Resources */,
			);
			buildRules = (
			);
			dependencies = (
			);
			name = PapaKarloSwift;
			productName = PapaKarloSwift;
			productReference = 0287396227AC40D80020A919 /* PapaKarloSwift.app */;
			productType = "com.apple.product-type.application";
		};
/* End PBXNativeTarget section */

/* Begin PBXProject section */
		0287395A27AC40D80020A919 /* Project object */ = {
			isa = PBXProject;
			attributes = {
				LastSwiftUpdateCheck = 1250;
				LastUpgradeCheck = 1250;
				TargetAttributes = {
					0287396127AC40D80020A919 = {
						CreatedOnToolsVersion = 12.5;
					};
				};
			};
			buildConfigurationList = 0287395D27AC40D80020A919 /* Build configuration list for PBXProject "PapaKarloSwift" */;
			compatibilityVersion = "Xcode 9.3";
			developmentRegion = en;
			hasScannedForEncodings = 0;
			knownRegions = (
				en,
				Base,
			);
			mainGroup = 0287395927AC40D80020A919;
			productRefGroup = 0287396327AC40D80020A919 /* Products */;
			projectDirPath = "";
			projectRoot = "";
			targets = (
				0287396127AC40D80020A919 /* PapaKarloSwift */,
			);
		};
/* End PBXProject section */

/* Begin PBXResourcesBuildPhase section */
		0287396027AC40D80020A919 /* Resources */ = {
			isa = PBXResourcesBuildPhase;
			buildActionMask = 2147483647;
			files = (
				0287396D27AC40DB0020A919 /* Preview Assets.xcassets in Resources */,
				0287396A27AC40DB0020A919 /* Assets.xcassets in Resources */,
			);
			runOnlyForDeploymentPostprocessing = 0;
		};
/* End PBXResourcesBuildPhase section */

/* Begin PBXShellScriptBuildPhase section */
		0287397427AC42CF0020A919 /* Run Script */ = {
			isa = PBXShellScriptBuildPhase;
			buildActionMask = 2147483647;
			files = (
			);
			inputFileListPaths = (
			);
			inputPaths = (
			);
			name = "Run Script";
			outputFileListPaths = (
			);
			outputPaths = (
			);
			runOnlyForDeploymentPostprocessing = 0;
			shellPath = /bin/sh;
			shellScript = "cd \"$SRCROOT/..\"\n./gradlew :shared:embedAndSignAppleFrameworkForXcode\n\n";
		};
/* End PBXShellScriptBuildPhase section */

/* Begin PBXSourcesBuildPhase section */
		0287395E27AC40D80020A919 /* Sources */ = {
			isa = PBXSourcesBuildPhase;
			buildActionMask = 2147483647;
			files = (
				02131A3527DA35F600DCF9F5 /* CategorySectionItem.swift in Sources */,
				026C14412806040100AD13A5 /* CategoryItemModel.swift in Sources */,
				02500A2327D4F72700DA641C /* Diems.swift in Sources */,
				0256A04D27D8891C006811FE /* CafeItemView.swift in Sources */,
				0287396827AC40D80020A919 /* SplashScreen.swift in Sources */,
				025C6A5E27DCD35000AB2F17 /* AboutAppView.swift in Sources */,
				0262AEAD27EF7E7000456C6E /* DefaultImage.swift in Sources */,
				02727A2127E11AAC00C212E4 /* SettingsView.swift in Sources */,
				026A62E427F0AEE50019C3D4 /* BoldText.swift in Sources */,
				026C537527DD3D3700CE3EF2 /* ProfileUI.swift in Sources */,
				026C536F27DD35F900CE3EF2 /* OrderItemView.swift in Sources */,
				0262AEB127EF86BC00456C6E /* CountPicker.swift in Sources */,
				02500A2627D4F9DB00DA641C /* Strings.swift in Sources */,
				02727A1C27E1178E00C212E4 /* TextCard.swift in Sources */,
				026C14432806075A00AD13A5 /* MenuUI.swift in Sources */,
				0283C82A27ECA4AC00AAF687 /* ConsumerCartView.swift in Sources */,
				025298A427FA00ED0028934A /* Switcher.swift in Sources */,
				0278063827E200AF00F7AC86 /* OrderDetailsView.swift in Sources */,
				02727A2527E11F6E00C212E4 /* NavigationTextCard.swift in Sources */,
				02681E4E27DF89EB00D03834 /* AddressItemView.swift in Sources */,
				0278063B27E2035600F7AC86 /* CreateAddressView.swift in Sources */,
				026C143E2806033F00AD13A5 /* CategoryItemView.swift in Sources */,
				02681E5027DF89FD00D03834 /* AddressItem.swift in Sources */,
				025298A627FA314B0028934A /* ContainerView.swift in Sources */,
				02131A3727DA361600DCF9F5 /* MenuProductItem.swift in Sources */,
				026A62E827F0C1B40019C3D4 /* OrderCreationUI.swift in Sources */,
				026A62E227F0A4E00019C3D4 /* CreateOrderView.swift in Sources */,
				02E0FF9327C6A27D00BABD2B /* MenuView.swift in Sources */,
				02BEF69B27E74ADD00F18540 /* SmsTextField.swift in Sources */,
				026E627B27E60E0200353E69 /* ConfirmView.swift in Sources */,
				022197952811F4F200904924 /* CafeOptionsView.swift in Sources */,
				02131A3927DA3D7E00DCF9F5 /* MenuItemView.swift in Sources */,
				025C6A5427DC9F4700AB2F17 /* LargeHeaderText.swift in Sources */,
				02681E4C27DF89AD00D03834 /* UserAddressListView.swift in Sources */,
				025C6A5C27DCD32D00AB2F17 /* FeedbackView.swift in Sources */,
				027FA4E42814133D00BD2B1D /* ChangeCityItem.swift in Sources */,
				02727A2827E123D000C212E4 /* ChangeCityView.swift in Sources */,
				02727A2327E11C1F00C212E4 /* SettingsUI.swift in Sources */,
				02FADA792804313C00264146 /* EditTextView.swift in Sources */,
				02E0FF8F27C6A22E00BABD2B /* SelectCityView.swift in Sources */,
				027FA4E82814140700BD2B1D /* SelectableElementCard.swift in Sources */,
				025BD64F27FCB5E200EE2430 /* ToolbarView.swift in Sources */,
				0262AEAB27EF778600456C6E /* CartProductItem.swift in Sources */,
				0287396627AC40D80020A919 /* PapaKarloSwiftApp.swift in Sources */,
				02681E5627DFAA0100D03834 /* OrderListView.swift in Sources */,
				02131A3327DA2D2F00DCF9F5 /* MenuItem.swift in Sources */,
				025C6A5727DCA4D700AB2F17 /* NavigationCardView.swift in Sources */,
				0262AEAF27EF835C00456C6E /* CartProductView.swift in Sources */,
				0254657227C9209700337B98 /* CityItemView.swift in Sources */,
				026C90BE280C19120012D3CA /* ActionCardView.swift in Sources */,
				02681E5427DF8B5400D03834 /* ElementCard.swift in Sources */,
				0262AEA927EF76C400456C6E /* ConsumerCartUI.swift in Sources */,
				026C537327DD36F000CE3EF2 /* OrderItem.swift in Sources */,
				0256A04927D8886A006811FE /* CafeListView.swift in Sources */,
				0254657427C9238600337B98 /* CityItem.swift in Sources */,
				0256A05127D89117006811FE /* ProductDetailsView.swift in Sources */,
				0256A04F27D890A7006811FE /* MenuProductUI.swift in Sources */,
				02727A1E27E1185500C212E4 /* PlaceholderText.swift in Sources */,
				025C6A5227DC9E6500AB2F17 /* StrikeText.swift in Sources */,
				0283C82827EC7F9B00AAF687 /* CodeView.swift in Sources */,
				025C6A5927DCA59A00AB2F17 /* ProfileView.swift in Sources */,
				027FA4E6281413BD00BD2B1D /* ChangeCityItemView.swift in Sources */,
				026E627727E60DDD00353E69 /* LoginView.swift in Sources */,
				025DC25D27E755B600521335 /* UpdateView.swift in Sources */,
				0256A04B27D888A8006811FE /* CafeItem.swift in Sources */,
			);
			runOnlyForDeploymentPostprocessing = 0;
		};
/* End PBXSourcesBuildPhase section */

/* Begin XCBuildConfiguration section */
		0287396F27AC40DB0020A919 /* Debug */ = {
			isa = XCBuildConfiguration;
			buildSettings = {
				ALWAYS_SEARCH_USER_PATHS = NO;
				CLANG_ANALYZER_NONNULL = YES;
				CLANG_ANALYZER_NUMBER_OBJECT_CONVERSION = YES_AGGRESSIVE;
				CLANG_CXX_LANGUAGE_STANDARD = "gnu++14";
				CLANG_CXX_LIBRARY = "libc++";
				CLANG_ENABLE_MODULES = YES;
				CLANG_ENABLE_OBJC_ARC = YES;
				CLANG_ENABLE_OBJC_WEAK = YES;
				CLANG_WARN_BLOCK_CAPTURE_AUTORELEASING = YES;
				CLANG_WARN_BOOL_CONVERSION = YES;
				CLANG_WARN_COMMA = YES;
				CLANG_WARN_CONSTANT_CONVERSION = YES;
				CLANG_WARN_DEPRECATED_OBJC_IMPLEMENTATIONS = YES;
				CLANG_WARN_DIRECT_OBJC_ISA_USAGE = YES_ERROR;
				CLANG_WARN_DOCUMENTATION_COMMENTS = YES;
				CLANG_WARN_EMPTY_BODY = YES;
				CLANG_WARN_ENUM_CONVERSION = YES;
				CLANG_WARN_INFINITE_RECURSION = YES;
				CLANG_WARN_INT_CONVERSION = YES;
				CLANG_WARN_NON_LITERAL_NULL_CONVERSION = YES;
				CLANG_WARN_OBJC_IMPLICIT_RETAIN_SELF = YES;
				CLANG_WARN_OBJC_LITERAL_CONVERSION = YES;
				CLANG_WARN_OBJC_ROOT_CLASS = YES_ERROR;
				CLANG_WARN_QUOTED_INCLUDE_IN_FRAMEWORK_HEADER = YES;
				CLANG_WARN_RANGE_LOOP_ANALYSIS = YES;
				CLANG_WARN_STRICT_PROTOTYPES = YES;
				CLANG_WARN_SUSPICIOUS_MOVE = YES;
				CLANG_WARN_UNGUARDED_AVAILABILITY = YES_AGGRESSIVE;
				CLANG_WARN_UNREACHABLE_CODE = YES;
				CLANG_WARN__DUPLICATE_METHOD_MATCH = YES;
				COPY_PHASE_STRIP = NO;
				DEBUG_INFORMATION_FORMAT = dwarf;
				ENABLE_STRICT_OBJC_MSGSEND = YES;
				ENABLE_TESTABILITY = YES;
				GCC_C_LANGUAGE_STANDARD = gnu11;
				GCC_DYNAMIC_NO_PIC = NO;
				GCC_NO_COMMON_BLOCKS = YES;
				GCC_OPTIMIZATION_LEVEL = 0;
				GCC_PREPROCESSOR_DEFINITIONS = (
					"DEBUG=1",
					"$(inherited)",
				);
				GCC_WARN_64_TO_32_BIT_CONVERSION = YES;
				GCC_WARN_ABOUT_RETURN_TYPE = YES_ERROR;
				GCC_WARN_UNDECLARED_SELECTOR = YES;
				GCC_WARN_UNINITIALIZED_AUTOS = YES_AGGRESSIVE;
				GCC_WARN_UNUSED_FUNCTION = YES;
				GCC_WARN_UNUSED_VARIABLE = YES;
				IPHONEOS_DEPLOYMENT_TARGET = 14.5;
				MTL_ENABLE_DEBUG_INFO = INCLUDE_SOURCE;
				MTL_FAST_MATH = YES;
				ONLY_ACTIVE_ARCH = YES;
				SDKROOT = iphoneos;
				SWIFT_ACTIVE_COMPILATION_CONDITIONS = DEBUG;
				SWIFT_OPTIMIZATION_LEVEL = "-Onone";
			};
			name = Debug;
		};
		0287397027AC40DB0020A919 /* Release */ = {
			isa = XCBuildConfiguration;
			buildSettings = {
				ALWAYS_SEARCH_USER_PATHS = NO;
				CLANG_ANALYZER_NONNULL = YES;
				CLANG_ANALYZER_NUMBER_OBJECT_CONVERSION = YES_AGGRESSIVE;
				CLANG_CXX_LANGUAGE_STANDARD = "gnu++14";
				CLANG_CXX_LIBRARY = "libc++";
				CLANG_ENABLE_MODULES = YES;
				CLANG_ENABLE_OBJC_ARC = YES;
				CLANG_ENABLE_OBJC_WEAK = YES;
				CLANG_WARN_BLOCK_CAPTURE_AUTORELEASING = YES;
				CLANG_WARN_BOOL_CONVERSION = YES;
				CLANG_WARN_COMMA = YES;
				CLANG_WARN_CONSTANT_CONVERSION = YES;
				CLANG_WARN_DEPRECATED_OBJC_IMPLEMENTATIONS = YES;
				CLANG_WARN_DIRECT_OBJC_ISA_USAGE = YES_ERROR;
				CLANG_WARN_DOCUMENTATION_COMMENTS = YES;
				CLANG_WARN_EMPTY_BODY = YES;
				CLANG_WARN_ENUM_CONVERSION = YES;
				CLANG_WARN_INFINITE_RECURSION = YES;
				CLANG_WARN_INT_CONVERSION = YES;
				CLANG_WARN_NON_LITERAL_NULL_CONVERSION = YES;
				CLANG_WARN_OBJC_IMPLICIT_RETAIN_SELF = YES;
				CLANG_WARN_OBJC_LITERAL_CONVERSION = YES;
				CLANG_WARN_OBJC_ROOT_CLASS = YES_ERROR;
				CLANG_WARN_QUOTED_INCLUDE_IN_FRAMEWORK_HEADER = YES;
				CLANG_WARN_RANGE_LOOP_ANALYSIS = YES;
				CLANG_WARN_STRICT_PROTOTYPES = YES;
				CLANG_WARN_SUSPICIOUS_MOVE = YES;
				CLANG_WARN_UNGUARDED_AVAILABILITY = YES_AGGRESSIVE;
				CLANG_WARN_UNREACHABLE_CODE = YES;
				CLANG_WARN__DUPLICATE_METHOD_MATCH = YES;
				COPY_PHASE_STRIP = NO;
				DEBUG_INFORMATION_FORMAT = "dwarf-with-dsym";
				ENABLE_NS_ASSERTIONS = NO;
				ENABLE_STRICT_OBJC_MSGSEND = YES;
				GCC_C_LANGUAGE_STANDARD = gnu11;
				GCC_NO_COMMON_BLOCKS = YES;
				GCC_WARN_64_TO_32_BIT_CONVERSION = YES;
				GCC_WARN_ABOUT_RETURN_TYPE = YES_ERROR;
				GCC_WARN_UNDECLARED_SELECTOR = YES;
				GCC_WARN_UNINITIALIZED_AUTOS = YES_AGGRESSIVE;
				GCC_WARN_UNUSED_FUNCTION = YES;
				GCC_WARN_UNUSED_VARIABLE = YES;
				IPHONEOS_DEPLOYMENT_TARGET = 14.5;
				MTL_ENABLE_DEBUG_INFO = NO;
				MTL_FAST_MATH = YES;
				SDKROOT = iphoneos;
				SWIFT_COMPILATION_MODE = wholemodule;
				SWIFT_OPTIMIZATION_LEVEL = "-O";
				VALIDATE_PRODUCT = YES;
			};
			name = Release;
		};
		0287397227AC40DB0020A919 /* Debug */ = {
			isa = XCBuildConfiguration;
			buildSettings = {
				ASSETCATALOG_COMPILER_APPICON_NAME = AppIcon;
				ASSETCATALOG_COMPILER_GLOBAL_ACCENT_COLOR_NAME = AccentColor;
				CODE_SIGN_STYLE = Automatic;
				DEVELOPMENT_ASSET_PATHS = "\"PapaKarloSwift/Preview Content\"";
				DEVELOPMENT_TEAM = 77HLJ933B9;
				ENABLE_PREVIEWS = YES;
				FRAMEWORK_SEARCH_PATHS = "$(SRCROOT)/../shared/build/xcode-frameworks/$(CONFIGURATION)/$(SDK_NAME)";
				INFOPLIST_FILE = PapaKarloSwift/Info.plist;
				IPHONEOS_DEPLOYMENT_TARGET = 14.0;
				LD_RUNPATH_SEARCH_PATHS = (
					"$(inherited)",
					"@executable_path/Frameworks",
				);
				OTHER_LDFLAGS = (
					"$(inherited)",
					"-framework",
					shared,
				);
				PRODUCT_BUNDLE_IDENTIFIER = BunBeauty.PapaKarloSwift;
				PRODUCT_NAME = "$(TARGET_NAME)";
				SWIFT_VERSION = 5.0;
				TARGETED_DEVICE_FAMILY = "1,2";
			};
			name = Debug;
		};
		0287397327AC40DB0020A919 /* Release */ = {
			isa = XCBuildConfiguration;
			buildSettings = {
				ASSETCATALOG_COMPILER_APPICON_NAME = AppIcon;
				ASSETCATALOG_COMPILER_GLOBAL_ACCENT_COLOR_NAME = AccentColor;
				CODE_SIGN_STYLE = Automatic;
				DEVELOPMENT_ASSET_PATHS = "\"PapaKarloSwift/Preview Content\"";
				DEVELOPMENT_TEAM = 77HLJ933B9;
				ENABLE_PREVIEWS = YES;
				FRAMEWORK_SEARCH_PATHS = "$(SRCROOT)/../shared/build/xcode-frameworks/$(CONFIGURATION)/$(SDK_NAME)";
				INFOPLIST_FILE = PapaKarloSwift/Info.plist;
				IPHONEOS_DEPLOYMENT_TARGET = 14.0;
				LD_RUNPATH_SEARCH_PATHS = (
					"$(inherited)",
					"@executable_path/Frameworks",
				);
				OTHER_LDFLAGS = (
					"$(inherited)",
					"-framework",
					shared,
				);
				PRODUCT_BUNDLE_IDENTIFIER = BunBeauty.PapaKarloSwift;
				PRODUCT_NAME = "$(TARGET_NAME)";
				SWIFT_VERSION = 5.0;
				TARGETED_DEVICE_FAMILY = "1,2";
			};
			name = Release;
		};
/* End XCBuildConfiguration section */

/* Begin XCConfigurationList section */
		0287395D27AC40D80020A919 /* Build configuration list for PBXProject "PapaKarloSwift" */ = {
			isa = XCConfigurationList;
			buildConfigurations = (
				0287396F27AC40DB0020A919 /* Debug */,
				0287397027AC40DB0020A919 /* Release */,
			);
			defaultConfigurationIsVisible = 0;
			defaultConfigurationName = Release;
		};
		0287397127AC40DB0020A919 /* Build configuration list for PBXNativeTarget "PapaKarloSwift" */ = {
			isa = XCConfigurationList;
			buildConfigurations = (
				0287397227AC40DB0020A919 /* Debug */,
				0287397327AC40DB0020A919 /* Release */,
			);
			defaultConfigurationIsVisible = 0;
			defaultConfigurationName = Release;
		};
/* End XCConfigurationList section */
	};
	rootObject = 0287395A27AC40D80020A919 /* Project object */;
}
